
Microsoft Visual Studio Solution File, Format Version 12.00
# Visual Studio Version 16
VisualStudioVersion = 16.0.28803.202
MinimumVisualStudioVersion = 10.0.40219.1
Project("{FAE04EC0-301F-11D3-BF4B-00C04F79EFBC}") = "PokemonRandomizer", "PokemonRandomizer\PokemonRandomizer.csproj", "{EEB32B39-A5EC-46CD-A659-00F562926DDC}"
EndProject
Global
	GlobalSection(SolutionConfigurationPlatforms) = preSolution
		Debug|Any CPU = Debug|Any CPU
		Release|Any CPU = Release|Any CPU
	EndGlobalSection
	GlobalSection(ProjectConfigurationPlatforms) = postSolution
		{EEB32B39-A5EC-46CD-A659-00F562926DDC}.Debug|Any CPU.ActiveCfg = Debug|Any CPU
		{EEB32B39-A5EC-46CD-A659-00F562926DDC}.Debug|Any CPU.Build.0 = Debug|Any CPU
		{EEB32B39-A5EC-46CD-A659-00F562926DDC}.Release|Any CPU.ActiveCfg = Release|Any CPU
		{EEB32B39-A5EC-46CD-A659-00F562926DDC}.Release|Any CPU.Build.0 = Release|Any CPU
	EndGlobalSection
	GlobalSection(SolutionProperties) = preSolution
		HideSolutionNode = FALSE
	EndGlobalSection
	GlobalSection(ExtensibilityGlobals) = postSolution
		SolutionGuid = {A29256DD-48C1-43CB-94AD-ACCD8D9FD334}
	EndGlobalSection
EndGlobal
